// !$*UTF8*$!
{
	archiveVersion = 1;
	classes = {
	};
	objectVersion = 46;
	objects = {

/* Begin PBXBuildFile section */
		1D3623260D0F684500981E51 /* FlashCardAppDelegate.m in Sources */ = {isa = PBXBuildFile; fileRef = 1D3623250D0F684500981E51 /* FlashCardAppDelegate.m */; };
		1D60589B0D05DD56006BFB54 /* main.m in Sources */ = {isa = PBXBuildFile; fileRef = 29B97316FDCFA39411CA2CEA /* main.m */; };
		1D60589F0D05DD5A006BFB54 /* Foundation.framework in Frameworks */ = {isa = PBXBuildFile; fileRef = 1D30AB110D05D00D00671497 /* Foundation.framework */; };
		1DF5F4E00D08C38300B7A737 /* UIKit.framework in Frameworks */ = {isa = PBXBuildFile; fileRef = 1DF5F4DF0D08C38300B7A737 /* UIKit.framework */; };
		22855FC711ED27EC0050201A /* QuartzCore.framework in Frameworks */ = {isa = PBXBuildFile; fileRef = 22855FC611ED27EC0050201A /* QuartzCore.framework */; };
		22A6C6CC121326C500DA4A6E /* AudioToolbox.framework in Frameworks */ = {isa = PBXBuildFile; fileRef = 22A6C6CB121326C500DA4A6E /* AudioToolbox.framework */; };
		22A6C6CE1213275200DA4A6E /* page_turn_4.wav in Resources */ = {isa = PBXBuildFile; fileRef = 22A6C6CD1213275200DA4A6E /* page_turn_4.wav */; };
		22A6C6D7121328EF00DA4A6E /* page_turn_5.wav in Resources */ = {isa = PBXBuildFile; fileRef = 22A6C6D6121328EF00DA4A6E /* page_turn_5.wav */; };
		280E754D0DD40C5E005A515E /* BacksideView.xib in Resources */ = {isa = PBXBuildFile; fileRef = 280E754A0DD40C5E005A515E /* BacksideView.xib */; };
		280E754E0DD40C5E005A515E /* FrontsideView.xib in Resources */ = {isa = PBXBuildFile; fileRef = 280E754B0DD40C5E005A515E /* FrontsideView.xib */; };
		280E754F0DD40C5E005A515E /* MainWindow.xib in Resources */ = {isa = PBXBuildFile; fileRef = 280E754C0DD40C5E005A515E /* MainWindow.xib */; };
		2880DEA310926BF800CC57B2 /* CoreData.framework in Frameworks */ = {isa = PBXBuildFile; fileRef = 2880DEA210926BF800CC57B2 /* CoreData.framework */; };
		288765590DF743DE002DB57D /* CoreGraphics.framework in Frameworks */ = {isa = PBXBuildFile; fileRef = 288765580DF743DE002DB57D /* CoreGraphics.framework */; };
		289233AE0DB2D0DB0083E9F9 /* CardViewController.m in Sources */ = {isa = PBXBuildFile; fileRef = 289233A90DB2D0DB0083E9F9 /* CardViewController.m */; };
		700F6843125D1CEE003CA417 /* Default.png in Resources */ = {isa = PBXBuildFile; fileRef = 700F6842125D1CEE003CA417 /* Default.png */; };
		700F68E9125DC13A003CA417 /* iTunesArtwork in Resources */ = {isa = PBXBuildFile; fileRef = 700F68E8125DC13A003CA417 /* iTunesArtwork */; };
		7026CA561258436A00D55D8D /* Entitlements.plist in Resources */ = {isa = PBXBuildFile; fileRef = 7026CA551258436A00D55D8D /* Entitlements.plist */; };
		702713DB11D7F5A20011EDCF /* AppViewController.m in Sources */ = {isa = PBXBuildFile; fileRef = 702713DA11D7F5A20011EDCF /* AppViewController.m */; };
		70A0271E11CEFD46001796A4 /* notebook_paper.jpg in Resources */ = {isa = PBXBuildFile; fileRef = 70A0271D11CEFD46001796A4 /* notebook_paper.jpg */; };
		70A027DD11CF2F62001796A4 /* words.plist in Resources */ = {isa = PBXBuildFile; fileRef = 70A027DC11CF2F62001796A4 /* words.plist */; };
		70AE1467125729E800B72A85 /* Icon-72.png in Resources */ = {isa = PBXBuildFile; fileRef = 70AE1461125729E800B72A85 /* Icon-72.png */; };
		70AE1468125729E800B72A85 /* Icon-Small-50.png in Resources */ = {isa = PBXBuildFile; fileRef = 70AE1462125729E800B72A85 /* Icon-Small-50.png */; };
		70AE1469125729E800B72A85 /* Icon-Small.png in Resources */ = {isa = PBXBuildFile; fileRef = 70AE1463125729E800B72A85 /* Icon-Small.png */; };
		70AE146A125729E800B72A85 /* Icon-Small@2x.png in Resources */ = {isa = PBXBuildFile; fileRef = 70AE1464125729E800B72A85 /* Icon-Small@2x.png */; };
		70AE146B125729E800B72A85 /* Icon.png in Resources */ = {isa = PBXBuildFile; fileRef = 70AE1465125729E800B72A85 /* Icon.png */; };
		70AE146C125729E800B72A85 /* Icon@2x.png in Resources */ = {isa = PBXBuildFile; fileRef = 70AE1466125729E800B72A85 /* Icon@2x.png */; };
/* End PBXBuildFile section */

/* Begin PBXFileReference section */
		1D30AB110D05D00D00671497 /* Foundation.framework */ = {isa = PBXFileReference; lastKnownFileType = wrapper.framework; name = Foundation.framework; path = System/Library/Frameworks/Foundation.framework; sourceTree = SDKROOT; };
		1D3623240D0F684500981E51 /* FlashCardAppDelegate.h */ = {isa = PBXFileReference; fileEncoding = 4; lastKnownFileType = sourcecode.c.h; path = FlashCardAppDelegate.h; sourceTree = "<group>"; };
		1D3623250D0F684500981E51 /* FlashCardAppDelegate.m */ = {isa = PBXFileReference; fileEncoding = 4; lastKnownFileType = sourcecode.c.objc; path = FlashCardAppDelegate.m; sourceTree = "<group>"; };
		1D6058910D05DD3D006BFB54 /* FlashCard.app */ = {isa = PBXFileReference; explicitFileType = wrapper.application; includeInIndex = 0; path = FlashCard.app; sourceTree = BUILT_PRODUCTS_DIR; };
		1DF5F4DF0D08C38300B7A737 /* UIKit.framework */ = {isa = PBXFileReference; lastKnownFileType = wrapper.framework; name = UIKit.framework; path = System/Library/Frameworks/UIKit.framework; sourceTree = SDKROOT; };
		22855FC611ED27EC0050201A /* QuartzCore.framework */ = {isa = PBXFileReference; lastKnownFileType = wrapper.framework; name = QuartzCore.framework; path = System/Library/Frameworks/QuartzCore.framework; sourceTree = SDKROOT; };
		22A6C6CB121326C500DA4A6E /* AudioToolbox.framework */ = {isa = PBXFileReference; lastKnownFileType = wrapper.framework; name = AudioToolbox.framework; path = System/Library/Frameworks/AudioToolbox.framework; sourceTree = SDKROOT; };
		22A6C6CD1213275200DA4A6E /* page_turn_4.wav */ = {isa = PBXFileReference; lastKnownFileType = audio.wav; path = page_turn_4.wav; sourceTree = "<group>"; };
		22A6C6D6121328EF00DA4A6E /* page_turn_5.wav */ = {isa = PBXFileReference; lastKnownFileType = audio.wav; path = page_turn_5.wav; sourceTree = "<group>"; };
		280E754A0DD40C5E005A515E /* BacksideView.xib */ = {isa = PBXFileReference; lastKnownFileType = file.xib; path = BacksideView.xib; sourceTree = "<group>"; };
		280E754B0DD40C5E005A515E /* FrontsideView.xib */ = {isa = PBXFileReference; lastKnownFileType = file.xib; path = FrontsideView.xib; sourceTree = "<group>"; };
		280E754C0DD40C5E005A515E /* MainWindow.xib */ = {isa = PBXFileReference; lastKnownFileType = file.xib; path = MainWindow.xib; sourceTree = "<group>"; };
		2880DEA210926BF800CC57B2 /* CoreData.framework */ = {isa = PBXFileReference; lastKnownFileType = wrapper.framework; name = CoreData.framework; path = System/Library/Frameworks/CoreData.framework; sourceTree = SDKROOT; };
		288765580DF743DE002DB57D /* CoreGraphics.framework */ = {isa = PBXFileReference; lastKnownFileType = wrapper.framework; name = CoreGraphics.framework; path = System/Library/Frameworks/CoreGraphics.framework; sourceTree = SDKROOT; };
		289233A80DB2D0DB0083E9F9 /* CardViewController.h */ = {isa = PBXFileReference; fileEncoding = 4; lastKnownFileType = sourcecode.c.h; name = CardViewController.h; path = Classes/CardViewController.h; sourceTree = "<group>"; };
		289233A90DB2D0DB0083E9F9 /* CardViewController.m */ = {isa = PBXFileReference; explicitFileType = sourcecode.c.objc; fileEncoding = 4; name = CardViewController.m; path = Classes/CardViewController.m; sourceTree = "<group>"; };
		29B97316FDCFA39411CA2CEA /* main.m */ = {isa = PBXFileReference; fileEncoding = 4; lastKnownFileType = sourcecode.c.objc; path = main.m; sourceTree = "<group>"; };
		32CA4F630368D1EE00C91783 /* FlashCard_Prefix.pch */ = {isa = PBXFileReference; fileEncoding = 4; lastKnownFileType = sourcecode.c.h; path = FlashCard_Prefix.pch; sourceTree = "<group>"; };
		700F6842125D1CEE003CA417 /* Default.png */ = {isa = PBXFileReference; lastKnownFileType = image.png; name = Default.png; path = icons/Default.png; sourceTree = "<group>"; };
		700F68E8125DC13A003CA417 /* iTunesArtwork */ = {isa = PBXFileReference; lastKnownFileType = file; name = iTunesArtwork; path = icons/iTunesArtwork; sourceTree = "<group>"; };
		7026CA551258436A00D55D8D /* Entitlements.plist */ = {isa = PBXFileReference; fileEncoding = 4; lastKnownFileType = text.plist.xml; path = Entitlements.plist; sourceTree = "<group>"; };
		702713D911D7F5A20011EDCF /* AppViewController.h */ = {isa = PBXFileReference; fileEncoding = 4; lastKnownFileType = sourcecode.c.h; name = AppViewController.h; path = Classes/AppViewController.h; sourceTree = "<group>"; };
		702713DA11D7F5A20011EDCF /* AppViewController.m */ = {isa = PBXFileReference; fileEncoding = 4; lastKnownFileType = sourcecode.c.objc; name = AppViewController.m; path = Classes/AppViewController.m; sourceTree = "<group>"; };
		70A0271D11CEFD46001796A4 /* notebook_paper.jpg */ = {isa = PBXFileReference; lastKnownFileType = image.jpeg; path = notebook_paper.jpg; sourceTree = "<group>"; };
		70A027DC11CF2F62001796A4 /* words.plist */ = {isa = PBXFileReference; fileEncoding = 4; lastKnownFileType = text.plist.xml; path = words.plist; sourceTree = "<group>"; };
		70AE1461125729E800B72A85 /* Icon-72.png */ = {isa = PBXFileReference; lastKnownFileType = image.png; name = "Icon-72.png"; path = "icons/Icon-72.png"; sourceTree = "<group>"; };
		70AE1462125729E800B72A85 /* Icon-Small-50.png */ = {isa = PBXFileReference; lastKnownFileType = image.png; name = "Icon-Small-50.png"; path = "icons/Icon-Small-50.png"; sourceTree = "<group>"; };
		70AE1463125729E800B72A85 /* Icon-Small.png */ = {isa = PBXFileReference; lastKnownFileType = image.png; name = "Icon-Small.png"; path = "icons/Icon-Small.png"; sourceTree = "<group>"; };
		70AE1464125729E800B72A85 /* Icon-Small@2x.png */ = {isa = PBXFileReference; lastKnownFileType = image.png; name = "Icon-Small@2x.png"; path = "icons/Icon-Small@2x.png"; sourceTree = "<group>"; };
		70AE1465125729E800B72A85 /* Icon.png */ = {isa = PBXFileReference; lastKnownFileType = image.png; name = Icon.png; path = icons/Icon.png; sourceTree = "<group>"; };
		70AE1466125729E800B72A85 /* Icon@2x.png */ = {isa = PBXFileReference; lastKnownFileType = image.png; name = "Icon@2x.png"; path = "icons/Icon@2x.png"; sourceTree = "<group>"; };
		8D1107310486CEB800E47090 /* FlashCard-Info.plist */ = {isa = PBXFileReference; fileEncoding = 4; lastKnownFileType = text.plist.xml; path = "FlashCard-Info.plist"; plistStructureDefinitionIdentifier = "com.apple.xcode.plist.structure-definition.iphone.info-plist"; sourceTree = "<group>"; };
/* End PBXFileReference section */

/* Begin PBXFrameworksBuildPhase section */
		1D60588F0D05DD3D006BFB54 /* Frameworks */ = {
			isa = PBXFrameworksBuildPhase;
			buildActionMask = 2147483647;
			files = (
				1D60589F0D05DD5A006BFB54 /* Foundation.framework in Frameworks */,
				1DF5F4E00D08C38300B7A737 /* UIKit.framework in Frameworks */,
				288765590DF743DE002DB57D /* CoreGraphics.framework in Frameworks */,
				2880DEA310926BF800CC57B2 /* CoreData.framework in Frameworks */,
				22855FC711ED27EC0050201A /* QuartzCore.framework in Frameworks */,
				22A6C6CC121326C500DA4A6E /* AudioToolbox.framework in Frameworks */,
			);
			runOnlyForDeploymentPostprocessing = 0;
		};
/* End PBXFrameworksBuildPhase section */

/* Begin PBXGroup section */
		080E96DDFE201D6D7F000001 /* Application Delegate */ = {
			isa = PBXGroup;
			children = (
				1D3623240D0F684500981E51 /* FlashCardAppDelegate.h */,
				1D3623250D0F684500981E51 /* FlashCardAppDelegate.m */,
			);
			name = "Application Delegate";
			path = Classes;
			sourceTree = "<group>";
		};
		19C28FACFE9D520D11CA2CBB /* Products */ = {
			isa = PBXGroup;
			children = (
				1D6058910D05DD3D006BFB54 /* FlashCard.app */,
			);
			name = Products;
			sourceTree = "<group>";
		};
		29B97314FDCFA39411CA2CEA /* CustomTemplate */ = {
			isa = PBXGroup;
			children = (
				080E96DDFE201D6D7F000001 /* Application Delegate */,
				7027123E11D6BDC40011EDCF /* View Controllers */,
				29B97315FDCFA39411CA2CEA /* Other Sources */,
				29B97317FDCFA39411CA2CEA /* Resources */,
				29B97323FDCFA39411CA2CEA /* Frameworks */,
				19C28FACFE9D520D11CA2CBB /* Products */,
				7026CA551258436A00D55D8D /* Entitlements.plist */,
				22855FC611ED27EC0050201A /* QuartzCore.framework */,
				22A6C6CB121326C500DA4A6E /* AudioToolbox.framework */,
			);
			name = CustomTemplate;
			sourceTree = "<group>";
		};
		29B97315FDCFA39411CA2CEA /* Other Sources */ = {
			isa = PBXGroup;
			children = (
				32CA4F630368D1EE00C91783 /* FlashCard_Prefix.pch */,
				29B97316FDCFA39411CA2CEA /* main.m */,
			);
			name = "Other Sources";
			sourceTree = "<group>";
		};
		29B97317FDCFA39411CA2CEA /* Resources */ = {
			isa = PBXGroup;
			children = (
				700F6842125D1CEE003CA417 /* Default.png */,
				70AE146E125729F700B72A85 /* icons */,
				22A6C6CD1213275200DA4A6E /* page_turn_4.wav */,
				22A6C6D6121328EF00DA4A6E /* page_turn_5.wav */,
				70A027DC11CF2F62001796A4 /* words.plist */,
				70A0271D11CEFD46001796A4 /* notebook_paper.jpg */,
				280E754A0DD40C5E005A515E /* BacksideView.xib */,
				280E754B0DD40C5E005A515E /* FrontsideView.xib */,
				280E754C0DD40C5E005A515E /* MainWindow.xib */,
				8D1107310486CEB800E47090 /* FlashCard-Info.plist */,
			);
			name = Resources;
			sourceTree = "<group>";
		};
		29B97323FDCFA39411CA2CEA /* Frameworks */ = {
			isa = PBXGroup;
			children = (
				1DF5F4DF0D08C38300B7A737 /* UIKit.framework */,
				1D30AB110D05D00D00671497 /* Foundation.framework */,
				288765580DF743DE002DB57D /* CoreGraphics.framework */,
				2880DEA210926BF800CC57B2 /* CoreData.framework */,
			);
			name = Frameworks;
			sourceTree = "<group>";
		};
		7027123E11D6BDC40011EDCF /* View Controllers */ = {
			isa = PBXGroup;
			children = (
				702713D911D7F5A20011EDCF /* AppViewController.h */,
				702713DA11D7F5A20011EDCF /* AppViewController.m */,
				289233A80DB2D0DB0083E9F9 /* CardViewController.h */,
				289233A90DB2D0DB0083E9F9 /* CardViewController.m */,
			);
			name = "View Controllers";
			sourceTree = "<group>";
		};
		70AE146E125729F700B72A85 /* icons */ = {
			isa = PBXGroup;
			children = (
				700F68E8125DC13A003CA417 /* iTunesArtwork */,
				70AE1461125729E800B72A85 /* Icon-72.png */,
				70AE1462125729E800B72A85 /* Icon-Small-50.png */,
				70AE1463125729E800B72A85 /* Icon-Small.png */,
				70AE1464125729E800B72A85 /* Icon-Small@2x.png */,
				70AE1465125729E800B72A85 /* Icon.png */,
				70AE1466125729E800B72A85 /* Icon@2x.png */,
			);
			name = icons;
			sourceTree = "<group>";
		};
/* End PBXGroup section */

/* Begin PBXNativeTarget section */
		1D6058900D05DD3D006BFB54 /* FlashCard */ = {
			isa = PBXNativeTarget;
			buildConfigurationList = 1D6058960D05DD3E006BFB54 /* Build configuration list for PBXNativeTarget "FlashCard" */;
			buildPhases = (
				1D60588D0D05DD3D006BFB54 /* Resources */,
				1D60588E0D05DD3D006BFB54 /* Sources */,
				1D60588F0D05DD3D006BFB54 /* Frameworks */,
			);
			buildRules = (
			);
			dependencies = (
			);
			name = FlashCard;
			productName = FlashCard;
			productReference = 1D6058910D05DD3D006BFB54 /* FlashCard.app */;
			productType = "com.apple.product-type.application";
		};
/* End PBXNativeTarget section */

/* Begin PBXProject section */
		29B97313FDCFA39411CA2CEA /* Project object */ = {
			isa = PBXProject;
			buildConfigurationList = C01FCF4E08A954540054247B /* Build configuration list for PBXProject "FlashCard" */;
			compatibilityVersion = "Xcode 3.2";
			developmentRegion = English;
			hasScannedForEncodings = 1;
			knownRegions = (
				English,
				Japanese,
				French,
				German,
				en,
			);
			mainGroup = 29B97314FDCFA39411CA2CEA /* CustomTemplate */;
			projectDirPath = "";
			projectRoot = "";
			targets = (
				1D6058900D05DD3D006BFB54 /* FlashCard */,
			);
		};
/* End PBXProject section */

/* Begin PBXResourcesBuildPhase section */
		1D60588D0D05DD3D006BFB54 /* Resources */ = {
			isa = PBXResourcesBuildPhase;
			buildActionMask = 2147483647;
			files = (
				280E754D0DD40C5E005A515E /* BacksideView.xib in Resources */,
				280E754E0DD40C5E005A515E /* FrontsideView.xib in Resources */,
				280E754F0DD40C5E005A515E /* MainWindow.xib in Resources */,
				70A0271E11CEFD46001796A4 /* notebook_paper.jpg in Resources */,
				70A027DD11CF2F62001796A4 /* words.plist in Resources */,
				22A6C6CE1213275200DA4A6E /* page_turn_4.wav in Resources */,
				22A6C6D7121328EF00DA4A6E /* page_turn_5.wav in Resources */,
				70AE1467125729E800B72A85 /* Icon-72.png in Resources */,
				70AE1468125729E800B72A85 /* Icon-Small-50.png in Resources */,
				70AE1469125729E800B72A85 /* Icon-Small.png in Resources */,
				70AE146A125729E800B72A85 /* Icon-Small@2x.png in Resources */,
				70AE146B125729E800B72A85 /* Icon.png in Resources */,
				70AE146C125729E800B72A85 /* Icon@2x.png in Resources */,
				7026CA561258436A00D55D8D /* Entitlements.plist in Resources */,
				700F6843125D1CEE003CA417 /* Default.png in Resources */,
				700F68E9125DC13A003CA417 /* iTunesArtwork in Resources */,
			);
			runOnlyForDeploymentPostprocessing = 0;
		};
/* End PBXResourcesBuildPhase section */

/* Begin PBXSourcesBuildPhase section */
		1D60588E0D05DD3D006BFB54 /* Sources */ = {
			isa = PBXSourcesBuildPhase;
			buildActionMask = 2147483647;
			files = (
				1D60589B0D05DD56006BFB54 /* main.m in Sources */,
				1D3623260D0F684500981E51 /* FlashCardAppDelegate.m in Sources */,
				289233AE0DB2D0DB0083E9F9 /* CardViewController.m in Sources */,
				702713DB11D7F5A20011EDCF /* AppViewController.m in Sources */,
			);
			runOnlyForDeploymentPostprocessing = 0;
		};
/* End PBXSourcesBuildPhase section */

/* Begin XCBuildConfiguration section */
		1D6058940D05DD3E006BFB54 /* Debug */ = {
			isa = XCBuildConfiguration;
			buildSettings = {
				ALWAYS_SEARCH_USER_PATHS = NO;
				COPY_PHASE_STRIP = NO;
				GCC_DYNAMIC_NO_PIC = NO;
				GCC_OPTIMIZATION_LEVEL = 0;
				GCC_PRECOMPILE_PREFIX_HEADER = YES;
				GCC_PREFIX_HEADER = FlashCard_Prefix.pch;
				INFOPLIST_FILE = "FlashCard-Info.plist";
				PRODUCT_NAME = FlashCard;
			};
			name = Debug;
		};
		1D6058950D05DD3E006BFB54 /* Release */ = {
			isa = XCBuildConfiguration;
			buildSettings = {
				ALWAYS_SEARCH_USER_PATHS = NO;
				CODE_SIGN_ENTITLEMENTS = "";
				COPY_PHASE_STRIP = YES;
				GCC_PRECOMPILE_PREFIX_HEADER = YES;
				GCC_PREFIX_HEADER = FlashCard_Prefix.pch;
				INFOPLIST_FILE = "FlashCard-Info.plist";
				PRODUCT_NAME = FlashCard;
				VALIDATE_PRODUCT = YES;
			};
			name = Release;
		};
		7026CA62125843BB00D55D8D /* App Store Distribution */ = {
			isa = XCBuildConfiguration;
			buildSettings = {
				ARCHS = "$(ARCHS_STANDARD_32_BIT)";
				"CODE_SIGN_IDENTITY[sdk=iphoneos*]" = "iPhone Distribution: CalamitySoft";
				GCC_C_LANGUAGE_STANDARD = c99;
				GCC_WARN_ABOUT_RETURN_TYPE = YES;
				GCC_WARN_UNUSED_VARIABLE = YES;
				IPHONEOS_DEPLOYMENT_TARGET = 3.0;
				OTHER_CFLAGS = "-DNS_BLOCK_ASSERTIONS=1";
				PREBINDING = NO;
				"PROVISIONING_PROFILE[sdk=iphoneos*]" = "68183F7F-77A0-4152-B9EF-08B612CF1F13";
				SDKROOT = iphoneos4.1;
			};
			name = "App Store Distribution";
		};
		7026CA63125843BB00D55D8D /* App Store Distribution */ = {
			isa = XCBuildConfiguration;
			buildSettings = {
				ALWAYS_SEARCH_USER_PATHS = NO;
				CODE_SIGN_ENTITLEMENTS = Entitlements.plist;
				"CODE_SIGN_IDENTITY[sdk=iphoneos*]" = "iPhone Distribution: CalamitySoft";
				COPY_PHASE_STRIP = YES;
				GCC_PRECOMPILE_PREFIX_HEADER = YES;
				GCC_PREFIX_HEADER = FlashCard_Prefix.pch;
				INFOPLIST_FILE = "FlashCard-Info.plist";
				PRODUCT_NAME = FlashCard;
				"PROVISIONING_PROFILE[sdk=iphoneos*]" = "68183F7F-77A0-4152-B9EF-08B612CF1F13";
				SDKROOT = iphoneos4.1;
				VALIDATE_PRODUCT = YES;
			};
			name = "App Store Distribution";
		};
		7026CA64125843BB00D55D8D /* Ad Hoc Distribution */ = {
			isa = XCBuildConfiguration;
			buildSettings = {
				ARCHS = "$(ARCHS_STANDARD_32_BIT)";
				"CODE_SIGN_IDENTITY[sdk=iphoneos*]" = "iPhone Distribution: CalamitySoft";
				GCC_C_LANGUAGE_STANDARD = c99;
				GCC_WARN_ABOUT_RETURN_TYPE = YES;
				GCC_WARN_UNUSED_VARIABLE = YES;
				IPHONEOS_DEPLOYMENT_TARGET = 3.0;
				OTHER_CFLAGS = "-DNS_BLOCK_ASSERTIONS=1";
				PREBINDING = NO;
				"PROVISIONING_PROFILE[sdk=iphoneos*]" = "50BA171B-D83D-4279-B725-0AA11F4CC6ED";
				SDKROOT = iphoneos4.1;
			};
			name = "Ad Hoc Distribution";
		};
		7026CA65125843BB00D55D8D /* Ad Hoc Distribution */ = {
			isa = XCBuildConfiguration;
			buildSettings = {
				ALWAYS_SEARCH_USER_PATHS = NO;
				CODE_SIGN_ENTITLEMENTS = Entitlements.plist;
				"CODE_SIGN_IDENTITY[sdk=iphoneos*]" = "iPhone Distribution: CalamitySoft";
				COPY_PHASE_STRIP = YES;
				GCC_PRECOMPILE_PREFIX_HEADER = YES;
				GCC_PREFIX_HEADER = FlashCard_Prefix.pch;
				INFOPLIST_FILE = "FlashCard-Info.plist";
				PRODUCT_NAME = FlashCard;
				"PROVISIONING_PROFILE[sdk=iphoneos*]" = "50BA171B-D83D-4279-B725-0AA11F4CC6ED";
				SDKROOT = iphoneos4.1;
				VALIDATE_PRODUCT = YES;
			};
			name = "Ad Hoc Distribution";
		};
		C01FCF4F08A954540054247B /* Debug */ = {
			isa = XCBuildConfiguration;
			buildSettings = {
				ARCHS = "$(ARCHS_STANDARD_32_BIT)";
				"CODE_SIGN_IDENTITY[sdk=iphoneos*]" = "iPhone Developer: Logan Moseley (BW5L72G88N)";
				GCC_C_LANGUAGE_STANDARD = c99;
				GCC_WARN_ABOUT_RETURN_TYPE = YES;
				GCC_WARN_UNUSED_VARIABLE = YES;
				IPHONEOS_DEPLOYMENT_TARGET = 3.0;
				PREBINDING = NO;
				SDKROOT = iphonesimulator4.0;
			};
			name = Debug;
		};
		C01FCF5008A954540054247B /* Release */ = {
			isa = XCBuildConfiguration;
			buildSettings = {
				ARCHS = "$(ARCHS_STANDARD_32_BIT)";
				"CODE_SIGN_IDENTITY[sdk=iphoneos*]" = "iPhone Developer";
				GCC_C_LANGUAGE_STANDARD = c99;
				GCC_WARN_ABOUT_RETURN_TYPE = YES;
				GCC_WARN_UNUSED_VARIABLE = YES;
				IPHONEOS_DEPLOYMENT_TARGET = 3.0;
				OTHER_CFLAGS = "-DNS_BLOCK_ASSERTIONS=1";
				PREBINDING = NO;
				"PROVISIONING_PROFILE[sdk=iphoneos*]" = "";
				SDKROOT = iphoneos4.1;
			};
			name = Release;
		};
/* End XCBuildConfiguration section */

/* Begin XCConfigurationList section */
		1D6058960D05DD3E006BFB54 /* Build configuration list for PBXNativeTarget "FlashCard" */ = {
			isa = XCConfigurationList;
			buildConfigurations = (
				1D6058940D05DD3E006BFB54 /* Debug */,
				1D6058950D05DD3E006BFB54 /* Release */,
				7026CA65125843BB00D55D8D /* Ad Hoc Distribution */,
				7026CA63125843BB00D55D8D /* App Store Distribution */,
			);
			defaultConfigurationIsVisible = 0;
			defaultConfigurationName = Release;
		};
		C01FCF4E08A954540054247B /* Build configuration list for PBXProject "FlashCard" */ = {
			isa = XCConfigurationList;
			buildConfigurations = (
				C01FCF4F08A954540054247B /* Debug */,
				C01FCF5008A954540054247B /* Release */,
				7026CA64125843BB00D55D8D /* Ad Hoc Distribution */,
				7026CA62125843BB00D55D8D /* App Store Distribution */,
			);
			defaultConfigurationIsVisible = 0;
			defaultConfigurationName = Release;
		};
/* End XCConfigurationList section */
	};
	rootObject = 29B97313FDCFA39411CA2CEA /* Project object */;
}
